<Solution>
  <Folder Name="/Aula02/">
    <Project Path="Aula02/ativ1/ativ1.csproj" />
    <Project Path="Aula02/ativ2/ativ2.csproj" />
    <Project Path="Aula02/ativ3/ativ3.csproj" />
    <Project Path="Aula02/ativ4/ativ4.csproj" />
  </Folder>
  <Folder Name="/Aula05/">
    <Project Path="Aula05/ativ4.cs/ativ4.cs.csproj" />
    <Project Path="Aula05/ativ5.cs/ativ5.cs.csproj" />
  </Folder>
</Solution>
