<Solution>
  <Folder Name="/Aula07/">
    <Project Path="Aula07/ativ2/ativ.cs.csproj" />
    <Project Path="Aula07/ativ3/ativ3.csproj" />
  </Folder>
  <Folder Name="/Aula08/">
    <Project Path="Aula08/ativ1/ativ1.csproj" />
    <Project Path="Aula08/ativ2/ativ2.csproj" />
    <Project Path="Aula08/ativ3/ativ3.csproj" />
  </Folder>
</Solution>
